// !$*UTF8*$!
{
	archiveVersion = 1;
	classes = {
	};
	objectVersion = 50;
	objects = {

/* Begin PBXBuildFile section */
		2645904126A2DC9600E96BF9 /* RefreshableApp.swift in Sources */ = {isa = PBXBuildFile; fileRef = 2645904026A2DC9600E96BF9 /* RefreshableApp.swift */; };
		2645904326A2DC9600E96BF9 /* ContentView.swift in Sources */ = {isa = PBXBuildFile; fileRef = 2645904226A2DC9600E96BF9 /* ContentView.swift */; };
		2645904526A2DC9700E96BF9 /* Assets.xcassets in Resources */ = {isa = PBXBuildFile; fileRef = 2645904426A2DC9700E96BF9 /* Assets.xcassets */; };
		2645904826A2DC9700E96BF9 /* Preview Assets.xcassets in Resources */ = {isa = PBXBuildFile; fileRef = 2645904726A2DC9700E96BF9 /* Preview Assets.xcassets */; };
		2645905326A2DCE000E96BF9 /* PullToRefreshModifier.swift in Sources */ = {isa = PBXBuildFile; fileRef = 2645904F26A2DCE000E96BF9 /* PullToRefreshModifier.swift */; };
		2645905426A2DCE000E96BF9 /* RefreshDefaultHeader.swift in Sources */ = {isa = PBXBuildFile; fileRef = 2645905026A2DCE000E96BF9 /* RefreshDefaultHeader.swift */; };
		2645905526A2DCE000E96BF9 /* PullToRefreshView.swift in Sources */ = {isa = PBXBuildFile; fileRef = 2645905126A2DCE000E96BF9 /* PullToRefreshView.swift */; };
		2645905626A2DCE000E96BF9 /* RefreshState.swift in Sources */ = {isa = PBXBuildFile; fileRef = 2645905226A2DCE000E96BF9 /* RefreshState.swift */; };
		26D536B526A5612E00F30D1A /* RefreshDefaultFooter.swift in Sources */ = {isa = PBXBuildFile; fileRef = 26D536B426A5612E00F30D1A /* RefreshDefaultFooter.swift */; };
/* End PBXBuildFile section */

/* Begin PBXFileReference section */
		2645903D26A2DC9600E96BF9 /* Refreshable.app */ = {isa = PBXFileReference; explicitFileType = wrapper.application; includeInIndex = 0; path = Refreshable.app; sourceTree = BUILT_PRODUCTS_DIR; };
		2645904026A2DC9600E96BF9 /* RefreshableApp.swift */ = {isa = PBXFileReference; lastKnownFileType = sourcecode.swift; path = RefreshableApp.swift; sourceTree = "<group>"; };
		2645904226A2DC9600E96BF9 /* ContentView.swift */ = {isa = PBXFileReference; lastKnownFileType = sourcecode.swift; path = ContentView.swift; sourceTree = "<group>"; };
		2645904426A2DC9700E96BF9 /* Assets.xcassets */ = {isa = PBXFileReference; lastKnownFileType = folder.assetcatalog; path = Assets.xcassets; sourceTree = "<group>"; };
		2645904726A2DC9700E96BF9 /* Preview Assets.xcassets */ = {isa = PBXFileReference; lastKnownFileType = folder.assetcatalog; path = "Preview Assets.xcassets"; sourceTree = "<group>"; };
		2645904926A2DC9700E96BF9 /* Info.plist */ = {isa = PBXFileReference; lastKnownFileType = text.plist.xml; path = Info.plist; sourceTree = "<group>"; };
		2645904F26A2DCE000E96BF9 /* PullToRefreshModifier.swift */ = {isa = PBXFileReference; fileEncoding = 4; lastKnownFileType = sourcecode.swift; path = PullToRefreshModifier.swift; sourceTree = "<group>"; };
		2645905026A2DCE000E96BF9 /* RefreshDefaultHeader.swift */ = {isa = PBXFileReference; fileEncoding = 4; lastKnownFileType = sourcecode.swift; path = RefreshDefaultHeader.swift; sourceTree = "<group>"; };
		2645905126A2DCE000E96BF9 /* PullToRefreshView.swift */ = {isa = PBXFileReference; fileEncoding = 4; lastKnownFileType = sourcecode.swift; path = PullToRefreshView.swift; sourceTree = "<group>"; };
		2645905226A2DCE000E96BF9 /* RefreshState.swift */ = {isa = PBXFileReference; fileEncoding = 4; lastKnownFileType = sourcecode.swift; path = RefreshState.swift; sourceTree = "<group>"; };
		26D536B426A5612E00F30D1A /* RefreshDefaultFooter.swift */ = {isa = PBXFileReference; lastKnownFileType = sourcecode.swift; path = RefreshDefaultFooter.swift; sourceTree = "<group>"; };
/* End PBXFileReference section */

/* Begin PBXFrameworksBuildPhase section */
		2645903A26A2DC9600E96BF9 /* Frameworks */ = {
			isa = PBXFrameworksBuildPhase;
			buildActionMask = 2147483647;
			files = (
			);
			runOnlyForDeploymentPostprocessing = 0;
		};
/* End PBXFrameworksBuildPhase section */

/* Begin PBXGroup section */
		2645903426A2DC9600E96BF9 = {
			isa = PBXGroup;
			children = (
				2645903F26A2DC9600E96BF9 /* Refreshable */,
				2645903E26A2DC9600E96BF9 /* Products */,
			);
			sourceTree = "<group>";
		};
		2645903E26A2DC9600E96BF9 /* Products */ = {
			isa = PBXGroup;
			children = (
				2645903D26A2DC9600E96BF9 /* Refreshable.app */,
			);
			name = Products;
			sourceTree = "<group>";
		};
		2645903F26A2DC9600E96BF9 /* Refreshable */ = {
			isa = PBXGroup;
			children = (
				2645904026A2DC9600E96BF9 /* RefreshableApp.swift */,
				2645904226A2DC9600E96BF9 /* ContentView.swift */,
				2645905026A2DCE000E96BF9 /* RefreshDefaultHeader.swift */,
				26D536B426A5612E00F30D1A /* RefreshDefaultFooter.swift */,
				2645904F26A2DCE000E96BF9 /* PullToRefreshModifier.swift */,
				2645905126A2DCE000E96BF9 /* PullToRefreshView.swift */,
				2645905226A2DCE000E96BF9 /* RefreshState.swift */,
				2645904426A2DC9700E96BF9 /* Assets.xcassets */,
				2645904926A2DC9700E96BF9 /* Info.plist */,
				2645904626A2DC9700E96BF9 /* Preview Content */,
			);
			path = Refreshable;
			sourceTree = "<group>";
		};
		2645904626A2DC9700E96BF9 /* Preview Content */ = {
			isa = PBXGroup;
			children = (
				2645904726A2DC9700E96BF9 /* Preview Assets.xcassets */,
			);
			path = "Preview Content";
			sourceTree = "<group>";
		};
/* End PBXGroup section */

/* Begin PBXNativeTarget section */
		2645903C26A2DC9600E96BF9 /* Refreshable */ = {
			isa = PBXNativeTarget;
			buildConfigurationList = 2645904C26A2DC9700E96BF9 /* Build configuration list for PBXNativeTarget "Refreshable" */;
			buildPhases = (
				2645903926A2DC9600E96BF9 /* Sources */,
				2645903A26A2DC9600E96BF9 /* Frameworks */,
				2645903B26A2DC9600E96BF9 /* Resources */,
			);
			buildRules = (
			);
			dependencies = (
			);
			name = Refreshable;
			productName = Refreshable;
			productReference = 2645903D26A2DC9600E96BF9 /* Refreshable.app */;
			productType = "com.apple.product-type.application";
		};
/* End PBXNativeTarget section */

/* Begin PBXProject section */
		2645903526A2DC9600E96BF9 /* Project object */ = {
			isa = PBXProject;
			attributes = {
				LastSwiftUpdateCheck = 1250;
				LastUpgradeCheck = 1250;
				TargetAttributes = {
					2645903C26A2DC9600E96BF9 = {
						CreatedOnToolsVersion = 12.5.1;
					};
				};
			};
			buildConfigurationList = 2645903826A2DC9600E96BF9 /* Build configuration list for PBXProject "Refreshable" */;
			compatibilityVersion = "Xcode 9.3";
			developmentRegion = en;
			hasScannedForEncodings = 0;
			knownRegions = (
				en,
				Base,
			);
			mainGroup = 2645903426A2DC9600E96BF9;
			productRefGroup = 2645903E26A2DC9600E96BF9 /* Products */;
			projectDirPath = "";
			projectRoot = "";
			targets = (
				2645903C26A2DC9600E96BF9 /* Refreshable */,
			);
		};
/* End PBXProject section */

/* Begin PBXResourcesBuildPhase section */
		2645903B26A2DC9600E96BF9 /* Resources */ = {
			isa = PBXResourcesBuildPhase;
			buildActionMask = 2147483647;
			files = (
				2645904826A2DC9700E96BF9 /* Preview Assets.xcassets in Resources */,
				2645904526A2DC9700E96BF9 /* Assets.xcassets in Resources */,
			);
			runOnlyForDeploymentPostprocessing = 0;
		};
/* End PBXResourcesBuildPhase section */

/* Begin PBXSourcesBuildPhase section */
		2645903926A2DC9600E96BF9 /* Sources */ = {
			isa = PBXSourcesBuildPhase;
			buildActionMask = 2147483647;
			files = (
				2645904326A2DC9600E96BF9 /* ContentView.swift in Sources */,
				2645905326A2DCE000E96BF9 /* PullToRefreshModifier.swift in Sources */,
				2645905426A2DCE000E96BF9 /* RefreshDefaultHeader.swift in Sources */,
				2645905626A2DCE000E96BF9 /* RefreshState.swift in Sources */,
				26D536B526A5612E00F30D1A /* RefreshDefaultFooter.swift in Sources */,
				2645904126A2DC9600E96BF9 /* RefreshableApp.swift in Sources */,
				2645905526A2DCE000E96BF9 /* PullToRefreshView.swift in Sources */,
			);
			runOnlyForDeploymentPostprocessing = 0;
		};
/* End PBXSourcesBuildPhase section */

/* Begin XCBuildConfiguration section */
		2645904A26A2DC9700E96BF9 /* Debug */ = {
			isa = XCBuildConfiguration;
			buildSettings = {
				ALWAYS_SEARCH_USER_PATHS = NO;
				CLANG_ANALYZER_NONNULL = YES;
				CLANG_ANALYZER_NUMBER_OBJECT_CONVERSION = YES_AGGRESSIVE;
				CLANG_CXX_LANGUAGE_STANDARD = "gnu++14";
				CLANG_CXX_LIBRARY = "libc++";
				CLANG_ENABLE_MODULES = YES;
				CLANG_ENABLE_OBJC_ARC = YES;
				CLANG_ENABLE_OBJC_WEAK = YES;
				CLANG_WARN_BLOCK_CAPTURE_AUTORELEASING = YES;
				CLANG_WARN_BOOL_CONVERSION = YES;
				CLANG_WARN_COMMA = YES;
				CLANG_WARN_CONSTANT_CONVERSION = YES;
				CLANG_WARN_DEPRECATED_OBJC_IMPLEMENTATIONS = YES;
				CLANG_WARN_DIRECT_OBJC_ISA_USAGE = YES_ERROR;
				CLANG_WARN_DOCUMENTATION_COMMENTS = YES;
				CLANG_WARN_EMPTY_BODY = YES;
				CLANG_WARN_ENUM_CONVERSION = YES;
				CLANG_WARN_INFINITE_RECURSION = YES;
				CLANG_WARN_INT_CONVERSION = YES;
				CLANG_WARN_NON_LITERAL_NULL_CONVERSION = YES;
				CLANG_WARN_OBJC_IMPLICIT_RETAIN_SELF = YES;
				CLANG_WARN_OBJC_LITERAL_CONVERSION = YES;
				CLANG_WARN_OBJC_ROOT_CLASS = YES_ERROR;
				CLANG_WARN_QUOTED_INCLUDE_IN_FRAMEWORK_HEADER = YES;
				CLANG_WARN_RANGE_LOOP_ANALYSIS = YES;
				CLANG_WARN_STRICT_PROTOTYPES = YES;
				CLANG_WARN_SUSPICIOUS_MOVE = YES;
				CLANG_WARN_UNGUARDED_AVAILABILITY = YES_AGGRESSIVE;
				CLANG_WARN_UNREACHABLE_CODE = YES;
				CLANG_WARN__DUPLICATE_METHOD_MATCH = YES;
				COPY_PHASE_STRIP = NO;
				DEBUG_INFORMATION_FORMAT = dwarf;
				ENABLE_STRICT_OBJC_MSGSEND = YES;
				ENABLE_TESTABILITY = YES;
				GCC_C_LANGUAGE_STANDARD = gnu11;
				GCC_DYNAMIC_NO_PIC = NO;
				GCC_NO_COMMON_BLOCKS = YES;
				GCC_OPTIMIZATION_LEVEL = 0;
				GCC_PREPROCESSOR_DEFINITIONS = (
					"DEBUG=1",
					"$(inherited)",
				);
				GCC_WARN_64_TO_32_BIT_CONVERSION = YES;
				GCC_WARN_ABOUT_RETURN_TYPE = YES_ERROR;
				GCC_WARN_UNDECLARED_SELECTOR = YES;
				GCC_WARN_UNINITIALIZED_AUTOS = YES_AGGRESSIVE;
				GCC_WARN_UNUSED_FUNCTION = YES;
				GCC_WARN_UNUSED_VARIABLE = YES;
				IPHONEOS_DEPLOYMENT_TARGET = 14.5;
				MTL_ENABLE_DEBUG_INFO = INCLUDE_SOURCE;
				MTL_FAST_MATH = YES;
				ONLY_ACTIVE_ARCH = YES;
				SDKROOT = iphoneos;
				SWIFT_ACTIVE_COMPILATION_CONDITIONS = DEBUG;
				SWIFT_OPTIMIZATION_LEVEL = "-Onone";
			};
			name = Debug;
		};
		2645904B26A2DC9700E96BF9 /* Release */ = {
			isa = XCBuildConfiguration;
			buildSettings = {
				ALWAYS_SEARCH_USER_PATHS = NO;
				CLANG_ANALYZER_NONNULL = YES;
				CLANG_ANALYZER_NUMBER_OBJECT_CONVERSION = YES_AGGRESSIVE;
				CLANG_CXX_LANGUAGE_STANDARD = "gnu++14";
				CLANG_CXX_LIBRARY = "libc++";
				CLANG_ENABLE_MODULES = YES;
				CLANG_ENABLE_OBJC_ARC = YES;
				CLANG_ENABLE_OBJC_WEAK = YES;
				CLANG_WARN_BLOCK_CAPTURE_AUTORELEASING = YES;
				CLANG_WARN_BOOL_CONVERSION = YES;
				CLANG_WARN_COMMA = YES;
				CLANG_WARN_CONSTANT_CONVERSION = YES;
				CLANG_WARN_DEPRECATED_OBJC_IMPLEMENTATIONS = YES;
				CLANG_WARN_DIRECT_OBJC_ISA_USAGE = YES_ERROR;
				CLANG_WARN_DOCUMENTATION_COMMENTS = YES;
				CLANG_WARN_EMPTY_BODY = YES;
				CLANG_WARN_ENUM_CONVERSION = YES;
				CLANG_WARN_INFINITE_RECURSION = YES;
				CLANG_WARN_INT_CONVERSION = YES;
				CLANG_WARN_NON_LITERAL_NULL_CONVERSION = YES;
				CLANG_WARN_OBJC_IMPLICIT_RETAIN_SELF = YES;
				CLANG_WARN_OBJC_LITERAL_CONVERSION = YES;
				CLANG_WARN_OBJC_ROOT_CLASS = YES_ERROR;
				CLANG_WARN_QUOTED_INCLUDE_IN_FRAMEWORK_HEADER = YES;
				CLANG_WARN_RANGE_LOOP_ANALYSIS = YES;
				CLANG_WARN_STRICT_PROTOTYPES = YES;
				CLANG_WARN_SUSPICIOUS_MOVE = YES;
				CLANG_WARN_UNGUARDED_AVAILABILITY = YES_AGGRESSIVE;
				CLANG_WARN_UNREACHABLE_CODE = YES;
				CLANG_WARN__DUPLICATE_METHOD_MATCH = YES;
				COPY_PHASE_STRIP = NO;
				DEBUG_INFORMATION_FORMAT = "dwarf-with-dsym";
				ENABLE_NS_ASSERTIONS = NO;
				ENABLE_STRICT_OBJC_MSGSEND = YES;
				GCC_C_LANGUAGE_STANDARD = gnu11;
				GCC_NO_COMMON_BLOCKS = YES;
				GCC_WARN_64_TO_32_BIT_CONVERSION = YES;
				GCC_WARN_ABOUT_RETURN_TYPE = YES_ERROR;
				GCC_WARN_UNDECLARED_SELECTOR = YES;
				GCC_WARN_UNINITIALIZED_AUTOS = YES_AGGRESSIVE;
				GCC_WARN_UNUSED_FUNCTION = YES;
				GCC_WARN_UNUSED_VARIABLE = YES;
				IPHONEOS_DEPLOYMENT_TARGET = 14.5;
				MTL_ENABLE_DEBUG_INFO = NO;
				MTL_FAST_MATH = YES;
				SDKROOT = iphoneos;
				SWIFT_COMPILATION_MODE = wholemodule;
				SWIFT_OPTIMIZATION_LEVEL = "-O";
				VALIDATE_PRODUCT = YES;
			};
			name = Release;
		};
		2645904D26A2DC9700E96BF9 /* Debug */ = {
			isa = XCBuildConfiguration;
			buildSettings = {
				ASSETCATALOG_COMPILER_APPICON_NAME = AppIcon;
				ASSETCATALOG_COMPILER_GLOBAL_ACCENT_COLOR_NAME = AccentColor;
				CODE_SIGN_STYLE = Automatic;
				DEVELOPMENT_ASSET_PATHS = "\"Refreshable/Preview Content\"";
				ENABLE_PREVIEWS = YES;
				INFOPLIST_FILE = Refreshable/Info.plist;
				IPHONEOS_DEPLOYMENT_TARGET = 14.0;
				LD_RUNPATH_SEARCH_PATHS = (
					"$(inherited)",
					"@executable_path/Frameworks",
				);
				PRODUCT_BUNDLE_IDENTIFIER = com.wind.Refreshable;
				PRODUCT_NAME = "$(TARGET_NAME)";
				SWIFT_VERSION = 5.0;
				TARGETED_DEVICE_FAMILY = "1,2";
			};
			name = Debug;
		};
		2645904E26A2DC9700E96BF9 /* Release */ = {
			isa = XCBuildConfiguration;
			buildSettings = {
				ASSETCATALOG_COMPILER_APPICON_NAME = AppIcon;
				ASSETCATALOG_COMPILER_GLOBAL_ACCENT_COLOR_NAME = AccentColor;
				CODE_SIGN_STYLE = Automatic;
				DEVELOPMENT_ASSET_PATHS = "\"Refreshable/Preview Content\"";
				ENABLE_PREVIEWS = YES;
				INFOPLIST_FILE = Refreshable/Info.plist;
				IPHONEOS_DEPLOYMENT_TARGET = 14.0;
				LD_RUNPATH_SEARCH_PATHS = (
					"$(inherited)",
					"@executable_path/Frameworks",
				);
				PRODUCT_BUNDLE_IDENTIFIER = com.wind.Refreshable;
				PRODUCT_NAME = "$(TARGET_NAME)";
				SWIFT_VERSION = 5.0;
				TARGETED_DEVICE_FAMILY = "1,2";
			};
			name = Release;
		};
/* End XCBuildConfiguration section */

/* Begin XCConfigurationList section */
		2645903826A2DC9600E96BF9 /* Build configuration list for PBXProject "Refreshable" */ = {
			isa = XCConfigurationList;
			buildConfigurations = (
				2645904A26A2DC9700E96BF9 /* Debug */,
				2645904B26A2DC9700E96BF9 /* Release */,
			);
			defaultConfigurationIsVisible = 0;
			defaultConfigurationName = Release;
		};
		2645904C26A2DC9700E96BF9 /* Build configuration list for PBXNativeTarget "Refreshable" */ = {
			isa = XCConfigurationList;
			buildConfigurations = (
				2645904D26A2DC9700E96BF9 /* Debug */,
				2645904E26A2DC9700E96BF9 /* Release */,
			);
			defaultConfigurationIsVisible = 0;
			defaultConfigurationName = Release;
		};
/* End XCConfigurationList section */
	};
	rootObject = 2645903526A2DC9600E96BF9 /* Project object */;
}
